
Microsoft Visual Studio Solution File, Format Version 12.00
# Visual Studio Version 17
VisualStudioVersion = 17.4.33205.214
MinimumVisualStudioVersion = 10.0.40219.1
Project("{FAE04EC0-301F-11D3-BF4B-00C04F79EFBC}") = "LabClassLibrary", "LabClassLibrary\LabClassLibrary.csproj", "{6DB16325-929C-46A9-BAB1-55DF6DE79619}"
EndProject
Project("{9A19103F-16F7-4668-BE54-9A1E7A4F7556}") = "StudentClassLibrary", "StudentClassLibrary\StudentClassLibrary.csproj", "{F7FF0B35-7FA7-4990-A343-A30939B5260E}"
EndProject
Global
	GlobalSection(SolutionConfigurationPlatforms) = preSolution
		Debug|Any CPU = Debug|Any CPU
		Release|Any CPU = Release|Any CPU
	EndGlobalSection
	GlobalSection(ProjectConfigurationPlatforms) = postSolution
		{6DB16325-929C-46A9-BAB1-55DF6DE79619}.Debug|Any CPU.ActiveCfg = Debug|Any CPU
		{6DB16325-929C-46A9-BAB1-55DF6DE79619}.Debug|Any CPU.Build.0 = Debug|Any CPU
		{6DB16325-929C-46A9-BAB1-55DF6DE79619}.Release|Any CPU.ActiveCfg = Release|Any CPU
		{6DB16325-929C-46A9-BAB1-55DF6DE79619}.Release|Any CPU.Build.0 = Release|Any CPU
		{F7FF0B35-7FA7-4990-A343-A30939B5260E}.Debug|Any CPU.ActiveCfg = Debug|Any CPU
		{F7FF0B35-7FA7-4990-A343-A30939B5260E}.Debug|Any CPU.Build.0 = Debug|Any CPU
		{F7FF0B35-7FA7-4990-A343-A30939B5260E}.Release|Any CPU.ActiveCfg = Release|Any CPU
		{F7FF0B35-7FA7-4990-A343-A30939B5260E}.Release|Any CPU.Build.0 = Release|Any CPU
	EndGlobalSection
	GlobalSection(SolutionProperties) = preSolution
		HideSolutionNode = FALSE
	EndGlobalSection
	GlobalSection(ExtensibilityGlobals) = postSolution
		SolutionGuid = {014316C1-601C-49FB-9F50-D7F155C7162C}
	EndGlobalSection
EndGlobal
